<?xml version="1.0" encoding="utf-8"?>
<Project ToolsVersion="4.0" xmlns="http://schemas.microsoft.com/developer/msbuild/2003">
  <ItemGroup>
    <Filter Include="Source Files">
      <UniqueIdentifier>{4FC737F1-C7A5-4376-A066-2A32D752A2FF}</UniqueIdentifier>
      <Extensions>cpp;c;cc;cxx;c++;def;odl;idl;hpj;bat;asm;asmx</Extensions>
    </Filter>
    <Filter Include="Header Files">
      <UniqueIdentifier>{93995380-89BD-4b04-88EB-625FBE52EBFB}</UniqueIdentifier>
      <Extensions>h;hh;hpp;hxx;h++;hm;inl;inc;ipp;xsd</Extensions>
    </Filter>
    <Filter Include="Resource Files">
      <UniqueIdentifier>{67DA6AB6-F800-4c08-8B7A-83BB121AAD01}</UniqueIdentifier>
      <Extensions>rc;ico;cur;bmp;dlg;rc2;rct;bin;rgs;gif;jpg;jpeg;jpe;resx;tiff;tif;png;wav;mfcribbon-ms</Extensions>
    </Filter>
    <Filter Include="Header Files\func">
      <UniqueIdentifier>{82403399-608a-4af5-aed8-c2ccecb43d11}</UniqueIdentifier>
    </Filter>
    <Filter Include="Source Files\func">
      <UniqueIdentifier>{049776aa-686d-4ba7-bd08-1087706d16d8}</UniqueIdentifier>
    </Filter>
  </ItemGroup>
  <ItemGroup>
    <ResourceCompile Include="app.rc">
      <Filter>Resource Files</Filter>
    </ResourceCompile>
  </ItemGroup>
  <ItemGroup>
    <ClInclude Include="Resource.h">
      <Filter>Header Files</Filter>
    </ClInclude>
    <ClInclude Include="pch.h">
      <Filter>Header Files</Filter>
    </ClInclude>
    <ClInclude Include="Header.h">
      <Filter>Header Files</Filter>
    </ClInclude>
    <ClInclude Include="MyAnal.h">
      <Filter>Header Files\func</Filter>
    </ClInclude>
    <ClInclude Include="MyRegmethod.h">
      <Filter>Header Files\func</Filter>
    </ClInclude>
    <ClInclude Include="MyElements.h">
      <Filter>Header Files\func</Filter>
    </ClInclude>
    <ClInclude Include="MyOpacf.h">
      <Filter>Header Files\func</Filter>
    </ClInclude>
    <ClInclude Include="MyPrint.h">
      <Filter>Header Files\func</Filter>
    </ClInclude>
    <ClInclude Include="form_reg_ver_method.h">
      <Filter>Header Files</Filter>
    </ClInclude>
    <ClInclude Include="form_start.h">
      <Filter>Header Files</Filter>
    </ClInclude>
    <ClInclude Include="MyVermet.h">
      <Filter>Header Files\func</Filter>
    </ClInclude>
  </ItemGroup>
  <ItemGroup>
    <ClCompile Include="log_schem_test.cpp">
      <Filter>Source Files</Filter>
    </ClCompile>
    <ClCompile Include="AssemblyInfo.cpp">
      <Filter>Source Files</Filter>
    </ClCompile>
    <ClCompile Include="pch.cpp">
      <Filter>Source Files</Filter>
    </ClCompile>
    <ClCompile Include="Header.cpp">
      <Filter>Source Files</Filter>
    </ClCompile>
    <ClCompile Include="MyAnal.cpp">
      <Filter>Source Files\func</Filter>
    </ClCompile>
    <ClCompile Include="MyRegmethod.cpp">
      <Filter>Source Files\func</Filter>
    </ClCompile>
    <ClCompile Include="MyElements.cpp">
      <Filter>Source Files\func</Filter>
    </ClCompile>
    <ClCompile Include="MyOpacf.cpp">
      <Filter>Source Files\func</Filter>
    </ClCompile>
    <ClCompile Include="MyPrint.cpp">
      <Filter>Source Files\func</Filter>
    </ClCompile>
    <ClCompile Include="form_reg_ver_method.cpp">
      <Filter>Source Files</Filter>
    </ClCompile>
    <ClCompile Include="form_start.cpp">
      <Filter>Source Files</Filter>
    </ClCompile>
    <ClCompile Include="MyVermet.cpp">
      <Filter>Source Files\func</Filter>
    </ClCompile>
  </ItemGroup>
  <ItemGroup>
    <Image Include="app.ico">
      <Filter>Resource Files</Filter>
    </Image>
  </ItemGroup>
</Project>