
Microsoft Visual Studio Solution File, Format Version 12.00
# Visual Studio 2013
VisualStudioVersion = 12.0.40629.0
MinimumVisualStudioVersion = 10.0.40219.1
Project("{8BC9CEB8-8B4A-11D0-8D11-00A0C91BC942}") = "lab5", "lab5\lab5.vcxproj", "{726039E5-6A90-40C4-8A2F-B946C6F0D0BE}"
EndProject
Global
	GlobalSection(SolutionConfigurationPlatforms) = preSolution
		Debug|Win32 = Debug|Win32
		Release|Win32 = Release|Win32
	EndGlobalSection
	GlobalSection(ProjectConfigurationPlatforms) = postSolution
		{726039E5-6A90-40C4-8A2F-B946C6F0D0BE}.Debug|Win32.ActiveCfg = Debug|Win32
		{726039E5-6A90-40C4-8A2F-B946C6F0D0BE}.Debug|Win32.Build.0 = Debug|Win32
		{726039E5-6A90-40C4-8A2F-B946C6F0D0BE}.Release|Win32.ActiveCfg = Release|Win32
		{726039E5-6A90-40C4-8A2F-B946C6F0D0BE}.Release|Win32.Build.0 = Release|Win32
	EndGlobalSection
	GlobalSection(SolutionProperties) = preSolution
		HideSolutionNode = FALSE
	EndGlobalSection
EndGlobal
